// !$*UTF8*$!
{
	archiveVersion = 1;
	classes = {
	};
	objectVersion = 51;
	objects = {

/* Begin PBXBuildFile section */
		297BDB649113044757C2CEF2 /* Pods_Budget_Tracker.framework in Frameworks */ = {isa = PBXBuildFile; fileRef = 5F84A1AEB24B0EC857F848E0 /* Pods_Budget_Tracker.framework */; };
		8B052E3D26EFD48E000BA66A /* IndicatorView.swift in Sources */ = {isa = PBXBuildFile; fileRef = 8B052E3C26EFD48E000BA66A /* IndicatorView.swift */; };
		8B052E3F26EFD4A0000BA66A /* IndicatorView.xib in Resources */ = {isa = PBXBuildFile; fileRef = 8B052E3E26EFD4A0000BA66A /* IndicatorView.xib */; };
		8B1FD85D270C4DE2004E225E /* splitVC.swift in Sources */ = {isa = PBXBuildFile; fileRef = 8B1FD85C270C4DE2004E225E /* splitVC.swift */; };
		8B20751027D9A78100CF2172 /* PascodeLockView.xib in Resources */ = {isa = PBXBuildFile; fileRef = 8B20750F27D9A78100CF2172 /* PascodeLockView.xib */; };
		8B20751227D9A7AF00CF2172 /* PascodeLockView.swift in Sources */ = {isa = PBXBuildFile; fileRef = 8B20751127D9A7AF00CF2172 /* PascodeLockView.swift */; };
		8B2163A2274070BA003EDFE0 /* snippets.swift in Sources */ = {isa = PBXBuildFile; fileRef = 8B2163A1274070BA003EDFE0 /* snippets.swift */; };
		8B2A4D72271439520085E0F0 /* MoreVC.swift in Sources */ = {isa = PBXBuildFile; fileRef = 8B2A4D71271439520085E0F0 /* MoreVC.swift */; };
		8B324B692683118000E72275 /* NotificationsVC.swift in Sources */ = {isa = PBXBuildFile; fileRef = 8B324B682683118000E72275 /* NotificationsVC.swift */; };
		8B35DA6625C6F124008A8719 /* Keychain.swift in Sources */ = {isa = PBXBuildFile; fileRef = 8B35DA6525C6F124008A8719 /* Keychain.swift */; };
		8B42FCDD2776805800013E4B /* NumbersTF.swift in Sources */ = {isa = PBXBuildFile; fileRef = 8B42FCDC2776805800013E4B /* NumbersTF.swift */; };
		8B4728BC27533A470078BD34 /* DataBase.swift in Sources */ = {isa = PBXBuildFile; fileRef = 8B4728BB27533A470078BD34 /* DataBase.swift */; };
		8B47F92D2773B90300FD96AA /* MessageView.swift in Sources */ = {isa = PBXBuildFile; fileRef = 8B47F92C2773B90300FD96AA /* MessageView.swift */; };
		8B47F92F2773B90D00FD96AA /* Message.xib in Resources */ = {isa = PBXBuildFile; fileRef = 8B47F92E2773B90D00FD96AA /* Message.xib */; };
		8B4E086126544AD2006E42DA /* LogIn.storyboard in Resources */ = {isa = PBXBuildFile; fileRef = 8B4E086026544AD2006E42DA /* LogIn.storyboard */; };
		8B52DFE82750231000595A0C /* Numbers.xib in Resources */ = {isa = PBXBuildFile; fileRef = 8B52DFE72750231000595A0C /* Numbers.xib */; };
		8B52DFEA2750232D00595A0C /* NumbersView.swift in Sources */ = {isa = PBXBuildFile; fileRef = 8B52DFE92750232D00595A0C /* NumbersView.swift */; };
		8B52DFEC27504D2900595A0C /* IconsVC.swift in Sources */ = {isa = PBXBuildFile; fileRef = 8B52DFEB27504D2900595A0C /* IconsVC.swift */; };
		8B52DFF027506B4B00595A0C /* ColorView.xib in Resources */ = {isa = PBXBuildFile; fileRef = 8B52DFEF27506B4B00595A0C /* ColorView.xib */; };
		8B57837E275E6977007BA9EC /* SideBar.swift in Sources */ = {isa = PBXBuildFile; fileRef = 8B57837D275E6977007BA9EC /* SideBar.swift */; };
		8B5BE4792648038F005B182C /* expectingPaymentsVC.swift in Sources */ = {isa = PBXBuildFile; fileRef = 8B5BE4782648038F005B182C /* expectingPaymentsVC.swift */; };
		8B5F342C26FB2D98000DDCAF /* EnterValueVC.swift in Sources */ = {isa = PBXBuildFile; fileRef = 8B5F342B26FB2D97000DDCAF /* EnterValueVC.swift */; };
		8B63312F260FD65200D9E117 /* buyProVC.swift in Sources */ = {isa = PBXBuildFile; fileRef = 8B63312E260FD65200D9E117 /* buyProVC.swift */; };
		8B633132260FDB3900D9E117 /* StoreKit.framework in Frameworks */ = {isa = PBXBuildFile; fileRef = 8B633131260FDB3900D9E117 /* StoreKit.framework */; };
		8B633135260FE7FF00D9E117 /* AuthenticationServices.framework in Frameworks */ = {isa = PBXBuildFile; fileRef = 8B633134260FE7FF00D9E117 /* AuthenticationServices.framework */; };
		8B7B63CC2655CAFB0067C434 /* SuperViewController.swift in Sources */ = {isa = PBXBuildFile; fileRef = 8B7B63CB2655CAFB0067C434 /* SuperViewController.swift */; };
		8B7D1AA1276CF203008942EC /* IconList.swift in Sources */ = {isa = PBXBuildFile; fileRef = 8B7D1AA0276CF203008942EC /* IconList.swift */; };
		8B82A04127E2BDBD0011EC80 /* UITextField.swift in Sources */ = {isa = PBXBuildFile; fileRef = 8B82A04027E2BDBD0011EC80 /* UITextField.swift */; };
		8B8D556125BB218400D7C6A7 /* UnsendedDataVC.swift in Sources */ = {isa = PBXBuildFile; fileRef = 8B8D556025BB218400D7C6A7 /* UnsendedDataVC.swift */; };
		8BAA72B527CB7D41005298B6 /* Keys.swift in Sources */ = {isa = PBXBuildFile; fileRef = 8BAA72B427CB7D41005298B6 /* Keys.swift */; };
		8BC8525027E28D0F00C5A3A4 /* UserSettings.swift in Sources */ = {isa = PBXBuildFile; fileRef = 8BC8524F27E28D0F00C5A3A4 /* UserSettings.swift */; };
		8BD2E77C25B8622100D4DFBF /* LoginViewController.swift in Sources */ = {isa = PBXBuildFile; fileRef = 8BD2E77B25B8622100D4DFBF /* LoginViewController.swift */; };
		8BE60E5927726EA8007B7FB3 /* LastSelected.swift in Sources */ = {isa = PBXBuildFile; fileRef = 8BE60E5827726EA8007B7FB3 /* LastSelected.swift */; };
		8BF58D1D277C78B7005A7F38 /* ProViewVC.swift in Sources */ = {isa = PBXBuildFile; fileRef = 8BF58D1C277C78B7005A7F38 /* ProViewVC.swift */; };
		8BF58D1F277C793D005A7F38 /* BuyPageVC.swift in Sources */ = {isa = PBXBuildFile; fileRef = 8BF58D1E277C793D005A7F38 /* BuyPageVC.swift */; };
		8BF63E8B276294F2002E8601 /* SelectUserVC.swift in Sources */ = {isa = PBXBuildFile; fileRef = 8BF63E8A276294F2002E8601 /* SelectUserVC.swift */; };
		8BF63E8D27629D14002E8601 /* SupportVC.swift in Sources */ = {isa = PBXBuildFile; fileRef = 8BF63E8C27629D14002E8601 /* SupportVC.swift */; };
		8BF63E8F2762C83F002E8601 /* SettingsVC.swift in Sources */ = {isa = PBXBuildFile; fileRef = 8BF63E8E2762C83F002E8601 /* SettingsVC.swift */; };
		8D36724224D315BC00CE90A9 /* NetworkModel.swift in Sources */ = {isa = PBXBuildFile; fileRef = 8D36724124D315BC00CE90A9 /* NetworkModel.swift */; };
		8D5206672421695200772CD5 /* StatisticBrain.swift in Sources */ = {isa = PBXBuildFile; fileRef = 8D5206662421695200772CD5 /* StatisticBrain.swift */; };
		8D52066924216A2900772CD5 /* StatisticVC.swift in Sources */ = {isa = PBXBuildFile; fileRef = 8D52066824216A2900772CD5 /* StatisticVC.swift */; };
		8D52066B24216A6200772CD5 /* HistoryVC.swift in Sources */ = {isa = PBXBuildFile; fileRef = 8D52066A24216A6200772CD5 /* HistoryVC.swift */; };
		8D8B6C3C245023D0007260A0 /* FilterTVC.swift in Sources */ = {isa = PBXBuildFile; fileRef = 8D8B6C3B245023D0007260A0 /* FilterTVC.swift */; };
		8D8B6C3E245023EC007260A0 /* CalendarVC.swift in Sources */ = {isa = PBXBuildFile; fileRef = 8D8B6C3D245023EC007260A0 /* CalendarVC.swift */; };
		8DBA7E5023F0316F00D8214C /* AppDelegate.swift in Sources */ = {isa = PBXBuildFile; fileRef = 8DBA7E4F23F0316F00D8214C /* AppDelegate.swift */; };
		8DBA7E5423F0316F00D8214C /* ViewController.swift in Sources */ = {isa = PBXBuildFile; fileRef = 8DBA7E5323F0316F00D8214C /* ViewController.swift */; };
		8DBA7E5723F0316F00D8214C /* Main.storyboard in Resources */ = {isa = PBXBuildFile; fileRef = 8DBA7E5523F0316F00D8214C /* Main.storyboard */; };
		8DBA7E5C23F0317100D8214C /* Assets.xcassets in Resources */ = {isa = PBXBuildFile; fileRef = 8DBA7E5B23F0317100D8214C /* Assets.xcassets */; };
		8DBA7E5F23F0317100D8214C /* LaunchScreen.storyboard in Resources */ = {isa = PBXBuildFile; fileRef = 8DBA7E5D23F0317100D8214C /* LaunchScreen.storyboard */; };
		8DD89D8323F1468E00273904 /* mainVCcell.swift in Sources */ = {isa = PBXBuildFile; fileRef = 8DD89D8223F1468E00273904 /* mainVCcell.swift */; };
		8DD89D8723F1471400273904 /* AppData.swift in Sources */ = {isa = PBXBuildFile; fileRef = 8DD89D8623F1471400273904 /* AppData.swift */; };
		8DD89D8C23F1485700273904 /* Constants.swift in Sources */ = {isa = PBXBuildFile; fileRef = 8DD89D8B23F1485700273904 /* Constants.swift */; };
		8DD89D8E23F1495300273904 /* TransactionVC.swift in Sources */ = {isa = PBXBuildFile; fileRef = 8DD89D8D23F1495300273904 /* TransactionVC.swift */; };
		8DD89D9023F1496100273904 /* CategoriesVC.swift in Sources */ = {isa = PBXBuildFile; fileRef = 8DD89D8F23F1496100273904 /* CategoriesVC.swift */; };
		8DECAFC12460461F0041B734 /* CloudKit.framework in Frameworks */ = {isa = PBXBuildFile; fileRef = 8DECAFC02460461F0041B734 /* CloudKit.framework */; };
/* End PBXBuildFile section */

/* Begin PBXCopyFilesBuildPhase section */
		8BA57844261F617700C48524 /* Embed Watch Content */ = {
			isa = PBXCopyFilesBuildPhase;
			buildActionMask = 2147483647;
			dstPath = "$(CONTENTS_FOLDER_PATH)/Watch";
			dstSubfolderSpec = 16;
			files = (
			);
			name = "Embed Watch Content";
			runOnlyForDeploymentPostprocessing = 0;
		};
/* End PBXCopyFilesBuildPhase section */

/* Begin PBXFileReference section */
		4495115F0F67B3D07EA6B233 /* Pods-Budget Tracker.debug.xcconfig */ = {isa = PBXFileReference; includeInIndex = 1; lastKnownFileType = text.xcconfig; name = "Pods-Budget Tracker.debug.xcconfig"; path = "Target Support Files/Pods-Budget Tracker/Pods-Budget Tracker.debug.xcconfig"; sourceTree = "<group>"; };
		5F84A1AEB24B0EC857F848E0 /* Pods_Budget_Tracker.framework */ = {isa = PBXFileReference; explicitFileType = wrapper.framework; includeInIndex = 0; path = Pods_Budget_Tracker.framework; sourceTree = BUILT_PRODUCTS_DIR; };
		60EB2258A12489890A827616 /* Pods-Budget Tracker.release.xcconfig */ = {isa = PBXFileReference; includeInIndex = 1; lastKnownFileType = text.xcconfig; name = "Pods-Budget Tracker.release.xcconfig"; path = "Target Support Files/Pods-Budget Tracker/Pods-Budget Tracker.release.xcconfig"; sourceTree = "<group>"; };
		8B052E3C26EFD48E000BA66A /* IndicatorView.swift */ = {isa = PBXFileReference; fileEncoding = 4; lastKnownFileType = sourcecode.swift; path = IndicatorView.swift; sourceTree = "<group>"; };
		8B052E3E26EFD4A0000BA66A /* IndicatorView.xib */ = {isa = PBXFileReference; fileEncoding = 4; lastKnownFileType = file.xib; path = IndicatorView.xib; sourceTree = "<group>"; };
		8B1FD85C270C4DE2004E225E /* splitVC.swift */ = {isa = PBXFileReference; lastKnownFileType = sourcecode.swift; path = splitVC.swift; sourceTree = "<group>"; };
		8B20750F27D9A78100CF2172 /* PascodeLockView.xib */ = {isa = PBXFileReference; lastKnownFileType = file.xib; path = PascodeLockView.xib; sourceTree = "<group>"; };
		8B20751127D9A7AF00CF2172 /* PascodeLockView.swift */ = {isa = PBXFileReference; lastKnownFileType = sourcecode.swift; path = PascodeLockView.swift; sourceTree = "<group>"; };
		8B2163A1274070BA003EDFE0 /* snippets.swift */ = {isa = PBXFileReference; lastKnownFileType = sourcecode.swift; path = snippets.swift; sourceTree = "<group>"; };
		8B2A4D71271439520085E0F0 /* MoreVC.swift */ = {isa = PBXFileReference; fileEncoding = 4; lastKnownFileType = sourcecode.swift; path = MoreVC.swift; sourceTree = "<group>"; };
		8B324B682683118000E72275 /* NotificationsVC.swift */ = {isa = PBXFileReference; lastKnownFileType = sourcecode.swift; path = NotificationsVC.swift; sourceTree = "<group>"; };
		8B35DA6525C6F124008A8719 /* Keychain.swift */ = {isa = PBXFileReference; lastKnownFileType = sourcecode.swift; path = Keychain.swift; sourceTree = "<group>"; };
		8B42FCDC2776805800013E4B /* NumbersTF.swift */ = {isa = PBXFileReference; lastKnownFileType = sourcecode.swift; path = NumbersTF.swift; sourceTree = "<group>"; };
		8B4728BB27533A470078BD34 /* DataBase.swift */ = {isa = PBXFileReference; lastKnownFileType = sourcecode.swift; path = DataBase.swift; sourceTree = "<group>"; };
		8B47F92C2773B90300FD96AA /* MessageView.swift */ = {isa = PBXFileReference; fileEncoding = 4; lastKnownFileType = sourcecode.swift; path = MessageView.swift; sourceTree = "<group>"; };
		8B47F92E2773B90D00FD96AA /* Message.xib */ = {isa = PBXFileReference; fileEncoding = 4; lastKnownFileType = file.xib; path = Message.xib; sourceTree = "<group>"; };
		8B4E086026544AD2006E42DA /* LogIn.storyboard */ = {isa = PBXFileReference; lastKnownFileType = file.storyboard; path = LogIn.storyboard; sourceTree = "<group>"; };
		8B52DFE72750231000595A0C /* Numbers.xib */ = {isa = PBXFileReference; lastKnownFileType = file.xib; path = Numbers.xib; sourceTree = "<group>"; };
		8B52DFE92750232D00595A0C /* NumbersView.swift */ = {isa = PBXFileReference; lastKnownFileType = sourcecode.swift; path = NumbersView.swift; sourceTree = "<group>"; };
		8B52DFEB27504D2900595A0C /* IconsVC.swift */ = {isa = PBXFileReference; lastKnownFileType = sourcecode.swift; path = IconsVC.swift; sourceTree = "<group>"; };
		8B52DFEF27506B4B00595A0C /* ColorView.xib */ = {isa = PBXFileReference; lastKnownFileType = file.xib; path = ColorView.xib; sourceTree = "<group>"; };
		8B57837D275E6977007BA9EC /* SideBar.swift */ = {isa = PBXFileReference; lastKnownFileType = sourcecode.swift; path = SideBar.swift; sourceTree = "<group>"; };
		8B5BE4782648038F005B182C /* expectingPaymentsVC.swift */ = {isa = PBXFileReference; lastKnownFileType = sourcecode.swift; path = expectingPaymentsVC.swift; sourceTree = "<group>"; };
		8B5F342B26FB2D97000DDCAF /* EnterValueVC.swift */ = {isa = PBXFileReference; lastKnownFileType = sourcecode.swift; path = EnterValueVC.swift; sourceTree = "<group>"; };
		8B63312E260FD65200D9E117 /* buyProVC.swift */ = {isa = PBXFileReference; lastKnownFileType = sourcecode.swift; path = buyProVC.swift; sourceTree = "<group>"; };
		8B633131260FDB3900D9E117 /* StoreKit.framework */ = {isa = PBXFileReference; lastKnownFileType = wrapper.framework; name = StoreKit.framework; path = System/Library/Frameworks/StoreKit.framework; sourceTree = SDKROOT; };
		8B633134260FE7FF00D9E117 /* AuthenticationServices.framework */ = {isa = PBXFileReference; lastKnownFileType = wrapper.framework; name = AuthenticationServices.framework; path = System/Library/Frameworks/AuthenticationServices.framework; sourceTree = SDKROOT; };
		8B7B63CB2655CAFB0067C434 /* SuperViewController.swift */ = {isa = PBXFileReference; lastKnownFileType = sourcecode.swift; path = SuperViewController.swift; sourceTree = "<group>"; };
		8B7D1AA0276CF203008942EC /* IconList.swift */ = {isa = PBXFileReference; lastKnownFileType = sourcecode.swift; path = IconList.swift; sourceTree = "<group>"; };
		8B82A04027E2BDBD0011EC80 /* UITextField.swift */ = {isa = PBXFileReference; lastKnownFileType = sourcecode.swift; path = UITextField.swift; sourceTree = "<group>"; };
		8B8D556025BB218400D7C6A7 /* UnsendedDataVC.swift */ = {isa = PBXFileReference; lastKnownFileType = sourcecode.swift; path = UnsendedDataVC.swift; sourceTree = "<group>"; };
		8BAA72B427CB7D41005298B6 /* Keys.swift */ = {isa = PBXFileReference; lastKnownFileType = sourcecode.swift; path = Keys.swift; sourceTree = "<group>"; };
		8BC8524F27E28D0F00C5A3A4 /* UserSettings.swift */ = {isa = PBXFileReference; lastKnownFileType = sourcecode.swift; path = UserSettings.swift; sourceTree = "<group>"; };
		8BD2E77B25B8622100D4DFBF /* LoginViewController.swift */ = {isa = PBXFileReference; fileEncoding = 4; lastKnownFileType = sourcecode.swift; path = LoginViewController.swift; sourceTree = "<group>"; };
		8BE60E5827726EA8007B7FB3 /* LastSelected.swift */ = {isa = PBXFileReference; lastKnownFileType = sourcecode.swift; path = LastSelected.swift; sourceTree = "<group>"; };
		8BF58D1C277C78B7005A7F38 /* ProViewVC.swift */ = {isa = PBXFileReference; lastKnownFileType = sourcecode.swift; path = ProViewVC.swift; sourceTree = "<group>"; };
		8BF58D1E277C793D005A7F38 /* BuyPageVC.swift */ = {isa = PBXFileReference; lastKnownFileType = sourcecode.swift; path = BuyPageVC.swift; sourceTree = "<group>"; };
		8BF63E8A276294F2002E8601 /* SelectUserVC.swift */ = {isa = PBXFileReference; lastKnownFileType = sourcecode.swift; path = SelectUserVC.swift; sourceTree = "<group>"; };
		8BF63E8C27629D14002E8601 /* SupportVC.swift */ = {isa = PBXFileReference; lastKnownFileType = sourcecode.swift; path = SupportVC.swift; sourceTree = "<group>"; };
		8BF63E8E2762C83F002E8601 /* SettingsVC.swift */ = {isa = PBXFileReference; lastKnownFileType = sourcecode.swift; path = SettingsVC.swift; sourceTree = "<group>"; };
		8D36724124D315BC00CE90A9 /* NetworkModel.swift */ = {isa = PBXFileReference; lastKnownFileType = sourcecode.swift; path = NetworkModel.swift; sourceTree = "<group>"; };
		8D5206662421695200772CD5 /* StatisticBrain.swift */ = {isa = PBXFileReference; lastKnownFileType = sourcecode.swift; path = StatisticBrain.swift; sourceTree = "<group>"; };
		8D52066824216A2900772CD5 /* StatisticVC.swift */ = {isa = PBXFileReference; lastKnownFileType = sourcecode.swift; path = StatisticVC.swift; sourceTree = "<group>"; };
		8D52066A24216A6200772CD5 /* HistoryVC.swift */ = {isa = PBXFileReference; lastKnownFileType = sourcecode.swift; path = HistoryVC.swift; sourceTree = "<group>"; };
		8D8B6C3B245023D0007260A0 /* FilterTVC.swift */ = {isa = PBXFileReference; lastKnownFileType = sourcecode.swift; path = FilterTVC.swift; sourceTree = "<group>"; };
		8D8B6C3D245023EC007260A0 /* CalendarVC.swift */ = {isa = PBXFileReference; lastKnownFileType = sourcecode.swift; path = CalendarVC.swift; sourceTree = "<group>"; };
		8DBA7E4C23F0316F00D8214C /* Budget Tracker.app */ = {isa = PBXFileReference; explicitFileType = wrapper.application; includeInIndex = 0; path = "Budget Tracker.app"; sourceTree = BUILT_PRODUCTS_DIR; };
		8DBA7E4F23F0316F00D8214C /* AppDelegate.swift */ = {isa = PBXFileReference; lastKnownFileType = sourcecode.swift; path = AppDelegate.swift; sourceTree = "<group>"; };
		8DBA7E5323F0316F00D8214C /* ViewController.swift */ = {isa = PBXFileReference; lastKnownFileType = sourcecode.swift; path = ViewController.swift; sourceTree = "<group>"; };
		8DBA7E5623F0316F00D8214C /* Base */ = {isa = PBXFileReference; lastKnownFileType = file.storyboard; name = Base; path = Base.lproj/Main.storyboard; sourceTree = "<group>"; };
		8DBA7E5B23F0317100D8214C /* Assets.xcassets */ = {isa = PBXFileReference; lastKnownFileType = folder.assetcatalog; path = Assets.xcassets; sourceTree = "<group>"; };
		8DBA7E5E23F0317100D8214C /* Base */ = {isa = PBXFileReference; lastKnownFileType = file.storyboard; name = Base; path = Base.lproj/LaunchScreen.storyboard; sourceTree = "<group>"; };
		8DBA7E6023F0317100D8214C /* Info.plist */ = {isa = PBXFileReference; lastKnownFileType = text.plist.xml; path = Info.plist; sourceTree = "<group>"; };
		8DD89D8223F1468E00273904 /* mainVCcell.swift */ = {isa = PBXFileReference; lastKnownFileType = sourcecode.swift; path = mainVCcell.swift; sourceTree = "<group>"; };
		8DD89D8623F1471400273904 /* AppData.swift */ = {isa = PBXFileReference; lastKnownFileType = sourcecode.swift; path = AppData.swift; sourceTree = "<group>"; };
		8DD89D8B23F1485700273904 /* Constants.swift */ = {isa = PBXFileReference; lastKnownFileType = sourcecode.swift; path = Constants.swift; sourceTree = "<group>"; };
		8DD89D8D23F1495300273904 /* TransactionVC.swift */ = {isa = PBXFileReference; lastKnownFileType = sourcecode.swift; path = TransactionVC.swift; sourceTree = "<group>"; };
		8DD89D8F23F1496100273904 /* CategoriesVC.swift */ = {isa = PBXFileReference; lastKnownFileType = sourcecode.swift; path = CategoriesVC.swift; sourceTree = "<group>"; };
		8DECAFBF2460461C0041B734 /* Budget Tracker.entitlements */ = {isa = PBXFileReference; lastKnownFileType = text.plist.entitlements; path = "Budget Tracker.entitlements"; sourceTree = "<group>"; };
		8DECAFC02460461F0041B734 /* CloudKit.framework */ = {isa = PBXFileReference; lastKnownFileType = wrapper.framework; name = CloudKit.framework; path = System/Library/Frameworks/CloudKit.framework; sourceTree = SDKROOT; };
/* End PBXFileReference section */

/* Begin PBXFrameworksBuildPhase section */
		8DBA7E4923F0316F00D8214C /* Frameworks */ = {
			isa = PBXFrameworksBuildPhase;
			buildActionMask = 2147483647;
			files = (
				8B633135260FE7FF00D9E117 /* AuthenticationServices.framework in Frameworks */,
				8B633132260FDB3900D9E117 /* StoreKit.framework in Frameworks */,
				297BDB649113044757C2CEF2 /* Pods_Budget_Tracker.framework in Frameworks */,
				8DECAFC12460461F0041B734 /* CloudKit.framework in Frameworks */,
			);
			runOnlyForDeploymentPostprocessing = 0;
		};
/* End PBXFrameworksBuildPhase section */

/* Begin PBXGroup section */
		12BEBFEE107B283AE300DAF3 /* Frameworks */ = {
			isa = PBXGroup;
			children = (
				8B633134260FE7FF00D9E117 /* AuthenticationServices.framework */,
				8B633131260FDB3900D9E117 /* StoreKit.framework */,
				8DECAFC02460461F0041B734 /* CloudKit.framework */,
				5F84A1AEB24B0EC857F848E0 /* Pods_Budget_Tracker.framework */,
			);
			name = Frameworks;
			sourceTree = "<group>";
		};
		86F76BBA55B21BFA5830DEF2 /* Pods */ = {
			isa = PBXGroup;
			children = (
				4495115F0F67B3D07EA6B233 /* Pods-Budget Tracker.debug.xcconfig */,
				60EB2258A12489890A827616 /* Pods-Budget Tracker.release.xcconfig */,
			);
			path = Pods;
			sourceTree = "<group>";
		};
		8B3F919827D31C4000BE826C /* Data */ = {
			isa = PBXGroup;
			children = (
				8D36724124D315BC00CE90A9 /* NetworkModel.swift */,
				8B4728BB27533A470078BD34 /* DataBase.swift */,
				8B35DA6525C6F124008A8719 /* Keychain.swift */,
				8BE60E5827726EA8007B7FB3 /* LastSelected.swift */,
				8BC8524F27E28D0F00C5A3A4 /* UserSettings.swift */,
			);
			path = Data;
			sourceTree = "<group>";
		};
		8B4D33BB27825F6D00B83D8A /* BuyPro */ = {
			isa = PBXGroup;
			children = (
				8B63312E260FD65200D9E117 /* buyProVC.swift */,
				8BF58D1E277C793D005A7F38 /* BuyPageVC.swift */,
				8BF58D1C277C78B7005A7F38 /* ProViewVC.swift */,
			);
			path = BuyPro;
			sourceTree = "<group>";
		};
		8B5CE1CF2720991B0092BBFB /* notUsing */ = {
			isa = PBXGroup;
			children = (
				8B8D556025BB218400D7C6A7 /* UnsendedDataVC.swift */,
				8B2163A1274070BA003EDFE0 /* snippets.swift */,
				8B324B682683118000E72275 /* NotificationsVC.swift */,
				8B5BE4782648038F005B182C /* expectingPaymentsVC.swift */,
				8B1FD85C270C4DE2004E225E /* splitVC.swift */,
			);
			path = notUsing;
			sourceTree = "<group>";
		};
		8B82A04227E2BDCD0011EC80 /* Extensions */ = {
			isa = PBXGroup;
			children = (
				8B82A04027E2BDBD0011EC80 /* UITextField.swift */,
			);
			path = Extensions;
			sourceTree = "<group>";
		};
		8BC1B23927D31331002C1E38 /* ReusableUI */ = {
			isa = PBXGroup;
			children = (
				8B052E3E26EFD4A0000BA66A /* IndicatorView.xib */,
				8B52DFE72750231000595A0C /* Numbers.xib */,
				8B52DFEF27506B4B00595A0C /* ColorView.xib */,
				8B47F92E2773B90D00FD96AA /* Message.xib */,
				8B20750F27D9A78100CF2172 /* PascodeLockView.xib */,
			);
			path = ReusableUI;
			sourceTree = "<group>";
		};
		8BC1B23A27D3136C002C1E38 /* ReusableUI */ = {
			isa = PBXGroup;
			children = (
				8B57837D275E6977007BA9EC /* SideBar.swift */,
				8B052E3C26EFD48E000BA66A /* IndicatorView.swift */,
				8B52DFE92750232D00595A0C /* NumbersView.swift */,
				8B47F92C2773B90300FD96AA /* MessageView.swift */,
				8B42FCDC2776805800013E4B /* NumbersTF.swift */,
				8B20751127D9A7AF00CF2172 /* PascodeLockView.swift */,
			);
			path = ReusableUI;
			sourceTree = "<group>";
		};
		8BC1B23B27D31426002C1E38 /* Reusable */ = {
			isa = PBXGroup;
			children = (
				8B52DFEB27504D2900595A0C /* IconsVC.swift */,
				8D52066A24216A6200772CD5 /* HistoryVC.swift */,
				8D8B6C3D245023EC007260A0 /* CalendarVC.swift */,
				8B5F342B26FB2D97000DDCAF /* EnterValueVC.swift */,
				8B2A4D71271439520085E0F0 /* MoreVC.swift */,
			);
			path = Reusable;
			sourceTree = "<group>";
		};
		8BC1B23C27D314CC002C1E38 /* Account */ = {
			isa = PBXGroup;
			children = (
				8BF63E8E2762C83F002E8601 /* SettingsVC.swift */,
				8BD2E77B25B8622100D4DFBF /* LoginViewController.swift */,
				8BF63E8A276294F2002E8601 /* SelectUserVC.swift */,
				8BF63E8C27629D14002E8601 /* SupportVC.swift */,
			);
			path = Account;
			sourceTree = "<group>";
		};
		8BC1B23D27D318E0002C1E38 /* Data */ = {
			isa = PBXGroup;
			children = (
				8DBA7E5323F0316F00D8214C /* ViewController.swift */,
				8DD89D8D23F1495300273904 /* TransactionVC.swift */,
				8D8B6C3B245023D0007260A0 /* FilterTVC.swift */,
				8DD89D8F23F1496100273904 /* CategoriesVC.swift */,
				8D52066824216A2900772CD5 /* StatisticVC.swift */,
				8DD89D8223F1468E00273904 /* mainVCcell.swift */,
			);
			path = Data;
			sourceTree = "<group>";
		};
		8DBA7E4323F0316F00D8214C = {
			isa = PBXGroup;
			children = (
				8DBA7E4E23F0316F00D8214C /* Budget Tracker */,
				8DBA7E4D23F0316F00D8214C /* Products */,
				86F76BBA55B21BFA5830DEF2 /* Pods */,
				12BEBFEE107B283AE300DAF3 /* Frameworks */,
			);
			sourceTree = "<group>";
		};
		8DBA7E4D23F0316F00D8214C /* Products */ = {
			isa = PBXGroup;
			children = (
				8DBA7E4C23F0316F00D8214C /* Budget Tracker.app */,
			);
			name = Products;
			sourceTree = "<group>";
		};
		8DBA7E4E23F0316F00D8214C /* Budget Tracker */ = {
			isa = PBXGroup;
			children = (
				8DECAFBF2460461C0041B734 /* Budget Tracker.entitlements */,
				8DBA7E4F23F0316F00D8214C /* AppDelegate.swift */,
				8DD89D8823F1471900273904 /* Modal */,
				8DBA7E6823F031F900D8214C /* Controllers */,
				8DBA7E6723F031F200D8214C /* Views */,
				8DBA7E6623F031E600D8214C /* Supporting Files */,
				8B5CE1CF2720991B0092BBFB /* notUsing */,
				8DBA7E6023F0317100D8214C /* Info.plist */,
			);
			path = "Budget Tracker";
			sourceTree = "<group>";
		};
		8DBA7E6623F031E600D8214C /* Supporting Files */ = {
			isa = PBXGroup;
			children = (
				8B7D1AA0276CF203008942EC /* IconList.swift */,
				8DBA7E5B23F0317100D8214C /* Assets.xcassets */,
				8DBA7E5D23F0317100D8214C /* LaunchScreen.storyboard */,
				8BAA72B427CB7D41005298B6 /* Keys.swift */,
				8DD89D8B23F1485700273904 /* Constants.swift */,
				8B82A04227E2BDCD0011EC80 /* Extensions */,
			);
			path = "Supporting Files";
			sourceTree = "<group>";
		};
		8DBA7E6723F031F200D8214C /* Views */ = {
			isa = PBXGroup;
			children = (
				8DBA7E5523F0316F00D8214C /* Main.storyboard */,
				8B4E086026544AD2006E42DA /* LogIn.storyboard */,
				8BC1B23927D31331002C1E38 /* ReusableUI */,
			);
			path = Views;
			sourceTree = "<group>";
		};
		8DBA7E6823F031F900D8214C /* Controllers */ = {
			isa = PBXGroup;
			children = (
				8B7B63CB2655CAFB0067C434 /* SuperViewController.swift */,
				8BC1B23D27D318E0002C1E38 /* Data */,
				8BC1B23C27D314CC002C1E38 /* Account */,
				8BC1B23B27D31426002C1E38 /* Reusable */,
				8B4D33BB27825F6D00B83D8A /* BuyPro */,
			);
			path = Controllers;
			sourceTree = "<group>";
		};
		8DD89D8823F1471900273904 /* Modal */ = {
			isa = PBXGroup;
			children = (
				8DD89D8623F1471400273904 /* AppData.swift */,
				8B3F919827D31C4000BE826C /* Data */,
				8BC1B23A27D3136C002C1E38 /* ReusableUI */,
				8D5206662421695200772CD5 /* StatisticBrain.swift */,
			);
			path = Modal;
			sourceTree = "<group>";
		};
/* End PBXGroup section */

/* Begin PBXNativeTarget section */
		8DBA7E4B23F0316F00D8214C /* Budget Tracker */ = {
			isa = PBXNativeTarget;
			buildConfigurationList = 8DBA7E6323F0317100D8214C /* Build configuration list for PBXNativeTarget "Budget Tracker" */;
			buildPhases = (
				213569AB798CC7B1AD82D4AF /* [CP] Check Pods Manifest.lock */,
				8DBA7E4823F0316F00D8214C /* Sources */,
				8DBA7E4923F0316F00D8214C /* Frameworks */,
				8DBA7E4A23F0316F00D8214C /* Resources */,
				91E877923E02E04E742F617F /* [CP] Embed Pods Frameworks */,
				8BA57844261F617700C48524 /* Embed Watch Content */,
			);
			buildRules = (
			);
			dependencies = (
			);
			name = "Budget Tracker";
			productName = "Budget Tracker";
			productReference = 8DBA7E4C23F0316F00D8214C /* Budget Tracker.app */;
			productType = "com.apple.product-type.application";
		};
/* End PBXNativeTarget section */

/* Begin PBXProject section */
		8DBA7E4423F0316F00D8214C /* Project object */ = {
			isa = PBXProject;
			attributes = {
				LastSwiftUpdateCheck = 1230;
				LastUpgradeCheck = 1130;
				ORGANIZATIONNAME = "Misha Dovhiy";
				TargetAttributes = {
					8DBA7E4B23F0316F00D8214C = {
						CreatedOnToolsVersion = 11.3.1;
					};
				};
			};
			buildConfigurationList = 8DBA7E4723F0316F00D8214C /* Build configuration list for PBXProject "Budget Tracker" */;
			compatibilityVersion = "Xcode 9.3";
			developmentRegion = en;
			hasScannedForEncodings = 0;
			knownRegions = (
				en,
				Base,
			);
			mainGroup = 8DBA7E4323F0316F00D8214C;
			productRefGroup = 8DBA7E4D23F0316F00D8214C /* Products */;
			projectDirPath = "";
			projectRoot = "";
			targets = (
				8DBA7E4B23F0316F00D8214C /* Budget Tracker */,
			);
		};
/* End PBXProject section */

/* Begin PBXResourcesBuildPhase section */
		8DBA7E4A23F0316F00D8214C /* Resources */ = {
			isa = PBXResourcesBuildPhase;
			buildActionMask = 2147483647;
			files = (
				8B52DFF027506B4B00595A0C /* ColorView.xib in Resources */,
				8B20751027D9A78100CF2172 /* PascodeLockView.xib in Resources */,
				8B47F92F2773B90D00FD96AA /* Message.xib in Resources */,
				8B4E086126544AD2006E42DA /* LogIn.storyboard in Resources */,
				8DBA7E5F23F0317100D8214C /* LaunchScreen.storyboard in Resources */,
				8B52DFE82750231000595A0C /* Numbers.xib in Resources */,
				8DBA7E5C23F0317100D8214C /* Assets.xcassets in Resources */,
				8B052E3F26EFD4A0000BA66A /* IndicatorView.xib in Resources */,
				8DBA7E5723F0316F00D8214C /* Main.storyboard in Resources */,
			);
			runOnlyForDeploymentPostprocessing = 0;
		};
/* End PBXResourcesBuildPhase section */

/* Begin PBXShellScriptBuildPhase section */
		213569AB798CC7B1AD82D4AF /* [CP] Check Pods Manifest.lock */ = {
			isa = PBXShellScriptBuildPhase;
			buildActionMask = 2147483647;
			files = (
			);
			inputFileListPaths = (
			);
			inputPaths = (
				"${PODS_PODFILE_DIR_PATH}/Podfile.lock",
				"${PODS_ROOT}/Manifest.lock",
			);
			name = "[CP] Check Pods Manifest.lock";
			outputFileListPaths = (
			);
			outputPaths = (
				"$(DERIVED_FILE_DIR)/Pods-Budget Tracker-checkManifestLockResult.txt",
			);
			runOnlyForDeploymentPostprocessing = 0;
			shellPath = /bin/sh;
			shellScript = "diff \"${PODS_PODFILE_DIR_PATH}/Podfile.lock\" \"${PODS_ROOT}/Manifest.lock\" > /dev/null\nif [ $? != 0 ] ; then\n    # print error to STDERR\n    echo \"error: The sandbox is not in sync with the Podfile.lock. Run 'pod install' or update your CocoaPods installation.\" >&2\n    exit 1\nfi\n# This output is used by Xcode 'outputs' to avoid re-running this script phase.\necho \"SUCCESS\" > \"${SCRIPT_OUTPUT_FILE_0}\"\n";
			showEnvVarsInLog = 0;
		};
		91E877923E02E04E742F617F /* [CP] Embed Pods Frameworks */ = {
			isa = PBXShellScriptBuildPhase;
			buildActionMask = 2147483647;
			files = (
			);
			inputFileListPaths = (
				"${PODS_ROOT}/Target Support Files/Pods-Budget Tracker/Pods-Budget Tracker-frameworks-${CONFIGURATION}-input-files.xcfilelist",
			);
			name = "[CP] Embed Pods Frameworks";
			outputFileListPaths = (
				"${PODS_ROOT}/Target Support Files/Pods-Budget Tracker/Pods-Budget Tracker-frameworks-${CONFIGURATION}-output-files.xcfilelist",
			);
			runOnlyForDeploymentPostprocessing = 0;
			shellPath = /bin/sh;
			shellScript = "\"${PODS_ROOT}/Target Support Files/Pods-Budget Tracker/Pods-Budget Tracker-frameworks.sh\"\n";
			showEnvVarsInLog = 0;
		};
/* End PBXShellScriptBuildPhase section */

/* Begin PBXSourcesBuildPhase section */
		8DBA7E4823F0316F00D8214C /* Sources */ = {
			isa = PBXSourcesBuildPhase;
			buildActionMask = 2147483647;
			files = (
				8BC8525027E28D0F00C5A3A4 /* UserSettings.swift in Sources */,
				8B4728BC27533A470078BD34 /* DataBase.swift in Sources */,
				8DD89D8323F1468E00273904 /* mainVCcell.swift in Sources */,
				8B82A04127E2BDBD0011EC80 /* UITextField.swift in Sources */,
				8B63312F260FD65200D9E117 /* buyProVC.swift in Sources */,
				8D52066924216A2900772CD5 /* StatisticVC.swift in Sources */,
				8B47F92D2773B90300FD96AA /* MessageView.swift in Sources */,
				8D5206672421695200772CD5 /* StatisticBrain.swift in Sources */,
				8B57837E275E6977007BA9EC /* SideBar.swift in Sources */,
				8BF63E8B276294F2002E8601 /* SelectUserVC.swift in Sources */,
				8BAA72B527CB7D41005298B6 /* Keys.swift in Sources */,
				8BF58D1D277C78B7005A7F38 /* ProViewVC.swift in Sources */,
				8DD89D8E23F1495300273904 /* TransactionVC.swift in Sources */,
				8D8B6C3E245023EC007260A0 /* CalendarVC.swift in Sources */,
				8B1FD85D270C4DE2004E225E /* splitVC.swift in Sources */,
				8DBA7E5423F0316F00D8214C /* ViewController.swift in Sources */,
				8BD2E77C25B8622100D4DFBF /* LoginViewController.swift in Sources */,
				8B35DA6625C6F124008A8719 /* Keychain.swift in Sources */,
				8D8B6C3C245023D0007260A0 /* FilterTVC.swift in Sources */,
				8BE60E5927726EA8007B7FB3 /* LastSelected.swift in Sources */,
				8DD89D9023F1496100273904 /* CategoriesVC.swift in Sources */,
				8B2163A2274070BA003EDFE0 /* snippets.swift in Sources */,
				8DBA7E5023F0316F00D8214C /* AppDelegate.swift in Sources */,
				8BF63E8F2762C83F002E8601 /* SettingsVC.swift in Sources */,
				8B20751227D9A7AF00CF2172 /* PascodeLockView.swift in Sources */,
				8B2A4D72271439520085E0F0 /* MoreVC.swift in Sources */,
				8B052E3D26EFD48E000BA66A /* IndicatorView.swift in Sources */,
				8B7B63CC2655CAFB0067C434 /* SuperViewController.swift in Sources */,
				8B324B692683118000E72275 /* NotificationsVC.swift in Sources */,
				8B7D1AA1276CF203008942EC /* IconList.swift in Sources */,
				8B52DFEA2750232D00595A0C /* NumbersView.swift in Sources */,
				8DD89D8723F1471400273904 /* AppData.swift in Sources */,
				8B8D556125BB218400D7C6A7 /* UnsendedDataVC.swift in Sources */,
				8B52DFEC27504D2900595A0C /* IconsVC.swift in Sources */,
				8BF58D1F277C793D005A7F38 /* BuyPageVC.swift in Sources */,
				8D52066B24216A6200772CD5 /* HistoryVC.swift in Sources */,
				8B5BE4792648038F005B182C /* expectingPaymentsVC.swift in Sources */,
				8BF63E8D27629D14002E8601 /* SupportVC.swift in Sources */,
				8DD89D8C23F1485700273904 /* Constants.swift in Sources */,
				8D36724224D315BC00CE90A9 /* NetworkModel.swift in Sources */,
				8B42FCDD2776805800013E4B /* NumbersTF.swift in Sources */,
				8B5F342C26FB2D98000DDCAF /* EnterValueVC.swift in Sources */,
			);
			runOnlyForDeploymentPostprocessing = 0;
		};
/* End PBXSourcesBuildPhase section */

/* Begin PBXVariantGroup section */
		8DBA7E5523F0316F00D8214C /* Main.storyboard */ = {
			isa = PBXVariantGroup;
			children = (
				8DBA7E5623F0316F00D8214C /* Base */,
			);
			name = Main.storyboard;
			sourceTree = "<group>";
		};
		8DBA7E5D23F0317100D8214C /* LaunchScreen.storyboard */ = {
			isa = PBXVariantGroup;
			children = (
				8DBA7E5E23F0317100D8214C /* Base */,
			);
			name = LaunchScreen.storyboard;
			sourceTree = "<group>";
		};
/* End PBXVariantGroup section */

/* Begin XCBuildConfiguration section */
		8DBA7E6123F0317100D8214C /* Debug */ = {
			isa = XCBuildConfiguration;
			buildSettings = {
				ALWAYS_SEARCH_USER_PATHS = NO;
				CLANG_ANALYZER_NONNULL = YES;
				CLANG_ANALYZER_NUMBER_OBJECT_CONVERSION = YES_AGGRESSIVE;
				CLANG_CXX_LANGUAGE_STANDARD = "gnu++14";
				CLANG_CXX_LIBRARY = "libc++";
				CLANG_ENABLE_MODULES = YES;
				CLANG_ENABLE_OBJC_ARC = YES;
				CLANG_ENABLE_OBJC_WEAK = YES;
				CLANG_WARN_BLOCK_CAPTURE_AUTORELEASING = YES;
				CLANG_WARN_BOOL_CONVERSION = YES;
				CLANG_WARN_COMMA = YES;
				CLANG_WARN_CONSTANT_CONVERSION = YES;
				CLANG_WARN_DEPRECATED_OBJC_IMPLEMENTATIONS = YES;
				CLANG_WARN_DIRECT_OBJC_ISA_USAGE = YES_ERROR;
				CLANG_WARN_DOCUMENTATION_COMMENTS = YES;
				CLANG_WARN_EMPTY_BODY = YES;
				CLANG_WARN_ENUM_CONVERSION = YES;
				CLANG_WARN_INFINITE_RECURSION = YES;
				CLANG_WARN_INT_CONVERSION = YES;
				CLANG_WARN_NON_LITERAL_NULL_CONVERSION = YES;
				CLANG_WARN_OBJC_IMPLICIT_RETAIN_SELF = YES;
				CLANG_WARN_OBJC_LITERAL_CONVERSION = YES;
				CLANG_WARN_OBJC_ROOT_CLASS = YES_ERROR;
				CLANG_WARN_RANGE_LOOP_ANALYSIS = YES;
				CLANG_WARN_STRICT_PROTOTYPES = YES;
				CLANG_WARN_SUSPICIOUS_MOVE = YES;
				CLANG_WARN_UNGUARDED_AVAILABILITY = YES_AGGRESSIVE;
				CLANG_WARN_UNREACHABLE_CODE = YES;
				CLANG_WARN__DUPLICATE_METHOD_MATCH = YES;
				COPY_PHASE_STRIP = NO;
				DEBUG_INFORMATION_FORMAT = dwarf;
				ENABLE_STRICT_OBJC_MSGSEND = YES;
				ENABLE_TESTABILITY = YES;
				GCC_C_LANGUAGE_STANDARD = gnu11;
				GCC_DYNAMIC_NO_PIC = NO;
				GCC_NO_COMMON_BLOCKS = YES;
				GCC_OPTIMIZATION_LEVEL = 0;
				GCC_PREPROCESSOR_DEFINITIONS = (
					"DEBUG=1",
					"$(inherited)",
				);
				GCC_WARN_64_TO_32_BIT_CONVERSION = YES;
				GCC_WARN_ABOUT_RETURN_TYPE = YES_ERROR;
				GCC_WARN_UNDECLARED_SELECTOR = YES;
				GCC_WARN_UNINITIALIZED_AUTOS = YES_AGGRESSIVE;
				GCC_WARN_UNUSED_FUNCTION = YES;
				GCC_WARN_UNUSED_VARIABLE = YES;
				IPHONEOS_DEPLOYMENT_TARGET = 13.2;
				MTL_ENABLE_DEBUG_INFO = INCLUDE_SOURCE;
				MTL_FAST_MATH = YES;
				ONLY_ACTIVE_ARCH = YES;
				SDKROOT = iphoneos;
				SWIFT_ACTIVE_COMPILATION_CONDITIONS = DEBUG;
				SWIFT_OPTIMIZATION_LEVEL = "-Onone";
			};
			name = Debug;
		};
		8DBA7E6223F0317100D8214C /* Release */ = {
			isa = XCBuildConfiguration;
			buildSettings = {
				ALWAYS_SEARCH_USER_PATHS = NO;
				CLANG_ANALYZER_NONNULL = YES;
				CLANG_ANALYZER_NUMBER_OBJECT_CONVERSION = YES_AGGRESSIVE;
				CLANG_CXX_LANGUAGE_STANDARD = "gnu++14";
				CLANG_CXX_LIBRARY = "libc++";
				CLANG_ENABLE_MODULES = YES;
				CLANG_ENABLE_OBJC_ARC = YES;
				CLANG_ENABLE_OBJC_WEAK = YES;
				CLANG_WARN_BLOCK_CAPTURE_AUTORELEASING = YES;
				CLANG_WARN_BOOL_CONVERSION = YES;
				CLANG_WARN_COMMA = YES;
				CLANG_WARN_CONSTANT_CONVERSION = YES;
				CLANG_WARN_DEPRECATED_OBJC_IMPLEMENTATIONS = YES;
				CLANG_WARN_DIRECT_OBJC_ISA_USAGE = YES_ERROR;
				CLANG_WARN_DOCUMENTATION_COMMENTS = YES;
				CLANG_WARN_EMPTY_BODY = YES;
				CLANG_WARN_ENUM_CONVERSION = YES;
				CLANG_WARN_INFINITE_RECURSION = YES;
				CLANG_WARN_INT_CONVERSION = YES;
				CLANG_WARN_NON_LITERAL_NULL_CONVERSION = YES;
				CLANG_WARN_OBJC_IMPLICIT_RETAIN_SELF = YES;
				CLANG_WARN_OBJC_LITERAL_CONVERSION = YES;
				CLANG_WARN_OBJC_ROOT_CLASS = YES_ERROR;
				CLANG_WARN_RANGE_LOOP_ANALYSIS = YES;
				CLANG_WARN_STRICT_PROTOTYPES = YES;
				CLANG_WARN_SUSPICIOUS_MOVE = YES;
				CLANG_WARN_UNGUARDED_AVAILABILITY = YES_AGGRESSIVE;
				CLANG_WARN_UNREACHABLE_CODE = YES;
				CLANG_WARN__DUPLICATE_METHOD_MATCH = YES;
				COPY_PHASE_STRIP = NO;
				DEBUG_INFORMATION_FORMAT = "dwarf-with-dsym";
				ENABLE_NS_ASSERTIONS = NO;
				ENABLE_STRICT_OBJC_MSGSEND = YES;
				GCC_C_LANGUAGE_STANDARD = gnu11;
				GCC_NO_COMMON_BLOCKS = YES;
				GCC_WARN_64_TO_32_BIT_CONVERSION = YES;
				GCC_WARN_ABOUT_RETURN_TYPE = YES_ERROR;
				GCC_WARN_UNDECLARED_SELECTOR = YES;
				GCC_WARN_UNINITIALIZED_AUTOS = YES_AGGRESSIVE;
				GCC_WARN_UNUSED_FUNCTION = YES;
				GCC_WARN_UNUSED_VARIABLE = YES;
				IPHONEOS_DEPLOYMENT_TARGET = 13.2;
				MTL_ENABLE_DEBUG_INFO = NO;
				MTL_FAST_MATH = YES;
				SDKROOT = iphoneos;
				SWIFT_COMPILATION_MODE = wholemodule;
				SWIFT_OPTIMIZATION_LEVEL = "-O";
				VALIDATE_PRODUCT = YES;
			};
			name = Release;
		};
		8DBA7E6423F0317100D8214C /* Debug */ = {
			isa = XCBuildConfiguration;
			baseConfigurationReference = 4495115F0F67B3D07EA6B233 /* Pods-Budget Tracker.debug.xcconfig */;
			buildSettings = {
				ASSETCATALOG_COMPILER_APPICON_NAME = AppIcon;
				CODE_SIGN_ENTITLEMENTS = "Budget Tracker/Budget Tracker.entitlements";
				CODE_SIGN_STYLE = Automatic;
				CURRENT_PROJECT_VERSION = 1;
				DEVELOPMENT_TEAM = FQA2XH9ZUM;
				INFOPLIST_FILE = "Budget Tracker/Info.plist";
				IPHONEOS_DEPLOYMENT_TARGET = 12.2;
				"IPHONEOS_DEPLOYMENT_TARGET[sdk=macosx*]" = 14.2;
				LD_RUNPATH_SEARCH_PATHS = (
					"$(inherited)",
					"@executable_path/Frameworks",
				);
				MARKETING_VERSION = 5;
				PRODUCT_BUNDLE_IDENTIFIER = "com.dovhiy.Developer.Budget-Tracker";
				PRODUCT_NAME = "$(TARGET_NAME)";
				SUPPORTS_MACCATALYST = YES;
				SUPPORTS_MAC_DESIGNED_FOR_IPHONE_IPAD = YES;
				SWIFT_VERSION = 5.0;
				TARGETED_DEVICE_FAMILY = "1,2,6";
			};
			name = Debug;
		};
		8DBA7E6523F0317100D8214C /* Release */ = {
			isa = XCBuildConfiguration;
			baseConfigurationReference = 60EB2258A12489890A827616 /* Pods-Budget Tracker.release.xcconfig */;
			buildSettings = {
				ASSETCATALOG_COMPILER_APPICON_NAME = AppIcon;
				CODE_SIGN_ENTITLEMENTS = "Budget Tracker/Budget Tracker.entitlements";
				CODE_SIGN_STYLE = Automatic;
				CURRENT_PROJECT_VERSION = 1;
				DEVELOPMENT_TEAM = FQA2XH9ZUM;
				INFOPLIST_FILE = "Budget Tracker/Info.plist";
				IPHONEOS_DEPLOYMENT_TARGET = 12.2;
				"IPHONEOS_DEPLOYMENT_TARGET[sdk=macosx*]" = 14.2;
				LD_RUNPATH_SEARCH_PATHS = (
					"$(inherited)",
					"@executable_path/Frameworks",
				);
				MARKETING_VERSION = 5;
				PRODUCT_BUNDLE_IDENTIFIER = "com.dovhiy.Developer.Budget-Tracker";
				PRODUCT_NAME = "$(TARGET_NAME)";
				SUPPORTS_MACCATALYST = YES;
				SUPPORTS_MAC_DESIGNED_FOR_IPHONE_IPAD = YES;
				SWIFT_VERSION = 5.0;
				TARGETED_DEVICE_FAMILY = "1,2,6";
			};
			name = Release;
		};
/* End XCBuildConfiguration section */

/* Begin XCConfigurationList section */
		8DBA7E4723F0316F00D8214C /* Build configuration list for PBXProject "Budget Tracker" */ = {
			isa = XCConfigurationList;
			buildConfigurations = (
				8DBA7E6123F0317100D8214C /* Debug */,
				8DBA7E6223F0317100D8214C /* Release */,
			);
			defaultConfigurationIsVisible = 0;
			defaultConfigurationName = Release;
		};
		8DBA7E6323F0317100D8214C /* Build configuration list for PBXNativeTarget "Budget Tracker" */ = {
			isa = XCConfigurationList;
			buildConfigurations = (
				8DBA7E6423F0317100D8214C /* Debug */,
				8DBA7E6523F0317100D8214C /* Release */,
			);
			defaultConfigurationIsVisible = 0;
			defaultConfigurationName = Release;
		};
/* End XCConfigurationList section */
	};
	rootObject = 8DBA7E4423F0316F00D8214C /* Project object */;
}
