{
  "pins" : [
    {
      "identity" : "alertviewlibrary",
      "kind" : "remoteSourceControl",
      "location" : "https://github.com/mishadovhiy/AlertViewLibrary.git",
      "state" : {
        "branch" : "main",
        "revision" : "0850e48461873c7951cea487fc9bc5d21d8ae109"
      }
    },
    {
      "identity" : "messageviewlibrary",
      "kind" : "remoteSourceControl",
      "location" : "https://github.com/mishadovhiy/MessageViewLibrary.git",
      "state" : {
        "branch" : "main",
        "revision" : "bd86436983525462eb41a7d266d721defc4b0107"
      }
    }
  ],
  "version" : 2
}
