{
  "pins" : [
    {
      "identity" : "alertviewlibrary",
      "kind" : "remoteSourceControl",
      "location" : "https://github.com/mishadovhiy/AlertViewLibrary.git",
      "state" : {
        "branch" : "main",
        "revision" : "9d3036244c59603988947375fcb645daf55e0ccd"
      }
    },
    {
      "identity" : "messageviewlibrary",
      "kind" : "remoteSourceControl",
      "location" : "https://github.com/mishadovhiy/MessageViewLibrary.git",
      "state" : {
        "branch" : "main",
        "revision" : "bd86436983525462eb41a7d266d721defc4b0107"
      }
    }
  ],
  "version" : 2
}
